
Microsoft Visual Studio Solution File, Format Version 12.00
# Visual Studio Version 17
VisualStudioVersion = 17.13.35828.75 d17.13
MinimumVisualStudioVersion = 10.0.40219.1
Project("{FAE04EC0-301F-11D3-BF4B-00C04F79EFBC}") = "DemoAPI", "DemoAPI\DemoAPI.csproj", "{DF2D3D88-3229-4F59-B562-9790EC3347C8}"
EndProject
Project("{FAE04EC0-301F-11D3-BF4B-00C04F79EFBC}") = "DemoAPITests", "DemoAPITests\DemoAPITests.csproj", "{FEC6A948-A43A-4230-9269-55D11538A908}"
EndProject
Global
	GlobalSection(SolutionConfigurationPlatforms) = preSolution
		Debug|Any CPU = Debug|Any CPU
		Release|Any CPU = Release|Any CPU
	EndGlobalSection
	GlobalSection(ProjectConfigurationPlatforms) = postSolution
		{DF2D3D88-3229-4F59-B562-9790EC3347C8}.Debug|Any CPU.ActiveCfg = Debug|Any CPU
		{DF2D3D88-3229-4F59-B562-9790EC3347C8}.Debug|Any CPU.Build.0 = Debug|Any CPU
		{DF2D3D88-3229-4F59-B562-9790EC3347C8}.Release|Any CPU.ActiveCfg = Release|Any CPU
		{DF2D3D88-3229-4F59-B562-9790EC3347C8}.Release|Any CPU.Build.0 = Release|Any CPU
		{FEC6A948-A43A-4230-9269-55D11538A908}.Debug|Any CPU.ActiveCfg = Debug|Any CPU
		{FEC6A948-A43A-4230-9269-55D11538A908}.Debug|Any CPU.Build.0 = Debug|Any CPU
		{FEC6A948-A43A-4230-9269-55D11538A908}.Release|Any CPU.ActiveCfg = Release|Any CPU
		{FEC6A948-A43A-4230-9269-55D11538A908}.Release|Any CPU.Build.0 = Release|Any CPU
	EndGlobalSection
	GlobalSection(SolutionProperties) = preSolution
		HideSolutionNode = FALSE
	EndGlobalSection
	GlobalSection(ExtensibilityGlobals) = postSolution
		SolutionGuid = {991892B8-ED16-432F-9C29-6519A68FA4F6}
	EndGlobalSection
EndGlobal
